
Microsoft Visual Studio Solution File, Format Version 12.00
# Visual Studio 2013
VisualStudioVersion = 12.0.31101.0
MinimumVisualStudioVersion = 10.0.40219.1
Project("{00D1A9C2-B5F0-4AF3-8072-F6C62B433612}") = "QuizCreatorDB", "QuizCreatorDB\QuizCreatorDB.sqlproj", "{58D74556-F935-4333-A599-6F87DA032555}"
EndProject
Project("{F088123C-0E9E-452A-89E6-6BA2F21D5CAC}") = "Modelling", "Modelling\Modelling.modelproj", "{E97D0889-88FA-4128-85FD-975ADB96CFF1}"
EndProject
Project("{FAE04EC0-301F-11D3-BF4B-00C04F79EFBC}") = "ModellingLib", "ModellingLib\ModellingLib.csproj", "{533D0BF1-3B7A-402D-8401-117F647782AA}"
EndProject
Project("{FAE04EC0-301F-11D3-BF4B-00C04F79EFBC}") = "DAL", "DAL\DAL.csproj", "{45AAE38F-E05E-49D4-B969-4BE53399D528}"
EndProject
Global
	GlobalSection(SolutionConfigurationPlatforms) = preSolution
		Debug|Any CPU = Debug|Any CPU
		Release|Any CPU = Release|Any CPU
	EndGlobalSection
	GlobalSection(ProjectConfigurationPlatforms) = postSolution
		{58D74556-F935-4333-A599-6F87DA032555}.Debug|Any CPU.ActiveCfg = Debug|Any CPU
		{58D74556-F935-4333-A599-6F87DA032555}.Debug|Any CPU.Build.0 = Debug|Any CPU
		{58D74556-F935-4333-A599-6F87DA032555}.Debug|Any CPU.Deploy.0 = Debug|Any CPU
		{58D74556-F935-4333-A599-6F87DA032555}.Release|Any CPU.ActiveCfg = Release|Any CPU
		{58D74556-F935-4333-A599-6F87DA032555}.Release|Any CPU.Build.0 = Release|Any CPU
		{58D74556-F935-4333-A599-6F87DA032555}.Release|Any CPU.Deploy.0 = Release|Any CPU
		{E97D0889-88FA-4128-85FD-975ADB96CFF1}.Debug|Any CPU.ActiveCfg = Debug|Any CPU
		{E97D0889-88FA-4128-85FD-975ADB96CFF1}.Debug|Any CPU.Build.0 = Debug|Any CPU
		{E97D0889-88FA-4128-85FD-975ADB96CFF1}.Release|Any CPU.ActiveCfg = Release|Any CPU
		{E97D0889-88FA-4128-85FD-975ADB96CFF1}.Release|Any CPU.Build.0 = Release|Any CPU
		{533D0BF1-3B7A-402D-8401-117F647782AA}.Debug|Any CPU.ActiveCfg = Debug|Any CPU
		{533D0BF1-3B7A-402D-8401-117F647782AA}.Debug|Any CPU.Build.0 = Debug|Any CPU
		{533D0BF1-3B7A-402D-8401-117F647782AA}.Release|Any CPU.ActiveCfg = Release|Any CPU
		{533D0BF1-3B7A-402D-8401-117F647782AA}.Release|Any CPU.Build.0 = Release|Any CPU
		{45AAE38F-E05E-49D4-B969-4BE53399D528}.Debug|Any CPU.ActiveCfg = Debug|Any CPU
		{45AAE38F-E05E-49D4-B969-4BE53399D528}.Debug|Any CPU.Build.0 = Debug|Any CPU
		{45AAE38F-E05E-49D4-B969-4BE53399D528}.Release|Any CPU.ActiveCfg = Release|Any CPU
		{45AAE38F-E05E-49D4-B969-4BE53399D528}.Release|Any CPU.Build.0 = Release|Any CPU
	EndGlobalSection
	GlobalSection(SolutionProperties) = preSolution
		HideSolutionNode = FALSE
	EndGlobalSection
EndGlobal
